lockfileVersion: '9.0'

settings:
  autoInstallPeers: true
  excludeLinksFromLockfile: false

importers:

  .: {}

  krudd/engine/abi: {}

  packages/engine: {}

  packages/site:
    dependencies:
      '@kruddage/engine':
        specifier: workspace:*
        version: link:../engine

  tools/render-diff: {}
